
Microsoft Visual Studio Solution File, Format Version 12.00
# Visual Studio Version 17
VisualStudioVersion = 17.8.34330.188
MinimumVisualStudioVersion = 10.0.40219.1
Project("{FAE04EC0-301F-11D3-BF4B-00C04F79EFBC}") = "CapaPresentacion", "CapaPresentacion\CapaPresentacion.csproj", "{8ADF3576-F615-4708-9988-B3E351636C96}"
EndProject
Project("{FAE04EC0-301F-11D3-BF4B-00C04F79EFBC}") = "CapaEntidad", "CapaEntidad\CapaEntidad.csproj", "{36445660-0C23-48C6-80CB-493AE5977C06}"
EndProject
Project("{FAE04EC0-301F-11D3-BF4B-00C04F79EFBC}") = "CapaNegocio", "CapaNegocio\CapaNegocio.csproj", "{B55F0714-DAC1-471A-9AC4-008A61642F9E}"
EndProject
Project("{FAE04EC0-301F-11D3-BF4B-00C04F79EFBC}") = "CapaDatos", "CapaDatos\CapaDatos.csproj", "{DCE49E35-8378-4029-A477-FA220DA50DEF}"
EndProject
Global
	GlobalSection(SolutionConfigurationPlatforms) = preSolution
		Debug|Any CPU = Debug|Any CPU
		Release|Any CPU = Release|Any CPU
	EndGlobalSection
	GlobalSection(ProjectConfigurationPlatforms) = postSolution
		{8ADF3576-F615-4708-9988-B3E351636C96}.Debug|Any CPU.ActiveCfg = Debug|Any CPU
		{8ADF3576-F615-4708-9988-B3E351636C96}.Debug|Any CPU.Build.0 = Debug|Any CPU
		{8ADF3576-F615-4708-9988-B3E351636C96}.Release|Any CPU.ActiveCfg = Release|Any CPU
		{8ADF3576-F615-4708-9988-B3E351636C96}.Release|Any CPU.Build.0 = Release|Any CPU
		{36445660-0C23-48C6-80CB-493AE5977C06}.Debug|Any CPU.ActiveCfg = Debug|Any CPU
		{36445660-0C23-48C6-80CB-493AE5977C06}.Debug|Any CPU.Build.0 = Debug|Any CPU
		{36445660-0C23-48C6-80CB-493AE5977C06}.Release|Any CPU.ActiveCfg = Release|Any CPU
		{36445660-0C23-48C6-80CB-493AE5977C06}.Release|Any CPU.Build.0 = Release|Any CPU
		{B55F0714-DAC1-471A-9AC4-008A61642F9E}.Debug|Any CPU.ActiveCfg = Debug|Any CPU
		{B55F0714-DAC1-471A-9AC4-008A61642F9E}.Debug|Any CPU.Build.0 = Debug|Any CPU
		{B55F0714-DAC1-471A-9AC4-008A61642F9E}.Release|Any CPU.ActiveCfg = Release|Any CPU
		{B55F0714-DAC1-471A-9AC4-008A61642F9E}.Release|Any CPU.Build.0 = Release|Any CPU
		{DCE49E35-8378-4029-A477-FA220DA50DEF}.Debug|Any CPU.ActiveCfg = Debug|Any CPU
		{DCE49E35-8378-4029-A477-FA220DA50DEF}.Debug|Any CPU.Build.0 = Debug|Any CPU
		{DCE49E35-8378-4029-A477-FA220DA50DEF}.Release|Any CPU.ActiveCfg = Release|Any CPU
		{DCE49E35-8378-4029-A477-FA220DA50DEF}.Release|Any CPU.Build.0 = Release|Any CPU
	EndGlobalSection
	GlobalSection(SolutionProperties) = preSolution
		HideSolutionNode = FALSE
	EndGlobalSection
	GlobalSection(ExtensibilityGlobals) = postSolution
		SolutionGuid = {8943F828-528F-433E-BE7E-4BB2B61174F5}
	EndGlobalSection
EndGlobal
